
Microsoft Visual Studio Solution File, Format Version 11.00
# Visual C# Express 2010
Project("{FAE04EC0-301F-11D3-BF4B-00C04F79EFBC}") = "VrokSub", "VrokSub.csproj", "{21FB907B-2B25-41F7-AE93-CB312FD212F6}"
EndProject
Global
	GlobalSection(SolutionConfigurationPlatforms) = preSolution
		Debug|Any CPU = Debug|Any CPU
		Release|Any CPU = Release|Any CPU
	EndGlobalSection
	GlobalSection(ProjectConfigurationPlatforms) = postSolution
		{21FB907B-2B25-41F7-AE93-CB312FD212F6}.Debug|Any CPU.ActiveCfg = Debug|Any CPU
		{21FB907B-2B25-41F7-AE93-CB312FD212F6}.Debug|Any CPU.Build.0 = Debug|Any CPU
		{21FB907B-2B25-41F7-AE93-CB312FD212F6}.Release|Any CPU.ActiveCfg = Release|Any CPU
		{21FB907B-2B25-41F7-AE93-CB312FD212F6}.Release|Any CPU.Build.0 = Release|Any CPU
	EndGlobalSection
	GlobalSection(SolutionProperties) = preSolution
		HideSolutionNode = FALSE
	EndGlobalSection
EndGlobal
